
Microsoft Visual Studio Solution File, Format Version 12.00
# Visual Studio Version 17
VisualStudioVersion = 17.10.35013.160
MinimumVisualStudioVersion = 10.0.40219.1
Project("{9A19103F-16F7-4668-BE54-9A1E7A4F7556}") = "BaseProject", "BaseProject\BaseProject.csproj", "{592008A5-6A07-4995-B096-03C42AD08990}"
EndProject
Project("{9A19103F-16F7-4668-BE54-9A1E7A4F7556}") = "DesignPatterns.Strategy", "DesignPatterns.Strategy\DesignPatterns.Strategy.csproj", "{4262F08A-7693-4A8D-93BB-1485BA424B36}"
EndProject
Project("{9A19103F-16F7-4668-BE54-9A1E7A4F7556}") = "DesignPatterns.Template", "DesignPatterns.Template\DesignPatterns.Template.csproj", "{B492F247-0054-48E0-B815-1361425DAEE7}"
EndProject
Project("{9A19103F-16F7-4668-BE54-9A1E7A4F7556}") = "DesignPatterns.Command", "DesignPatterns.Command\DesignPatterns.Command.csproj", "{F00D0A53-95BE-4A1D-860C-273D04DAF5CE}"
EndProject
Project("{9A19103F-16F7-4668-BE54-9A1E7A4F7556}") = "DesignPatterns.Observer", "DesignPatterns.Observer\DesignPatterns.Observer.csproj", "{221528E0-A1E0-4694-8E92-95677E1A531A}"
EndProject
Project("{9A19103F-16F7-4668-BE54-9A1E7A4F7556}") = "DesignPatterns.ChainOfResponsibility", "DesignPatterns.ChainOfResponsibility\DesignPatterns.ChainOfResponsibility.csproj", "{D24644FF-1169-46FD-854B-093619B4207E}"
EndProject
Project("{9A19103F-16F7-4668-BE54-9A1E7A4F7556}") = "DesignPatterns.Composite", "DesignPatterns.Composite\DesignPatterns.Composite.csproj", "{E3915BBD-3FB1-4521-ADC2-3005DDDB4E5E}"
EndProject
Project("{9A19103F-16F7-4668-BE54-9A1E7A4F7556}") = "DesignPatterns.Decorator", "DesignPatterns.Decorator\DesignPatterns.Decorator.csproj", "{EF230218-3680-4EED-B754-91AC6BD3594C}"
EndProject
Global
	GlobalSection(SolutionConfigurationPlatforms) = preSolution
		Debug|Any CPU = Debug|Any CPU
		Release|Any CPU = Release|Any CPU
	EndGlobalSection
	GlobalSection(ProjectConfigurationPlatforms) = postSolution
		{592008A5-6A07-4995-B096-03C42AD08990}.Debug|Any CPU.ActiveCfg = Debug|Any CPU
		{592008A5-6A07-4995-B096-03C42AD08990}.Debug|Any CPU.Build.0 = Debug|Any CPU
		{592008A5-6A07-4995-B096-03C42AD08990}.Release|Any CPU.ActiveCfg = Release|Any CPU
		{592008A5-6A07-4995-B096-03C42AD08990}.Release|Any CPU.Build.0 = Release|Any CPU
		{4262F08A-7693-4A8D-93BB-1485BA424B36}.Debug|Any CPU.ActiveCfg = Debug|Any CPU
		{4262F08A-7693-4A8D-93BB-1485BA424B36}.Debug|Any CPU.Build.0 = Debug|Any CPU
		{4262F08A-7693-4A8D-93BB-1485BA424B36}.Release|Any CPU.ActiveCfg = Release|Any CPU
		{4262F08A-7693-4A8D-93BB-1485BA424B36}.Release|Any CPU.Build.0 = Release|Any CPU
		{B492F247-0054-48E0-B815-1361425DAEE7}.Debug|Any CPU.ActiveCfg = Debug|Any CPU
		{B492F247-0054-48E0-B815-1361425DAEE7}.Debug|Any CPU.Build.0 = Debug|Any CPU
		{B492F247-0054-48E0-B815-1361425DAEE7}.Release|Any CPU.ActiveCfg = Release|Any CPU
		{B492F247-0054-48E0-B815-1361425DAEE7}.Release|Any CPU.Build.0 = Release|Any CPU
		{F00D0A53-95BE-4A1D-860C-273D04DAF5CE}.Debug|Any CPU.ActiveCfg = Debug|Any CPU
		{F00D0A53-95BE-4A1D-860C-273D04DAF5CE}.Debug|Any CPU.Build.0 = Debug|Any CPU
		{F00D0A53-95BE-4A1D-860C-273D04DAF5CE}.Release|Any CPU.ActiveCfg = Release|Any CPU
		{F00D0A53-95BE-4A1D-860C-273D04DAF5CE}.Release|Any CPU.Build.0 = Release|Any CPU
		{221528E0-A1E0-4694-8E92-95677E1A531A}.Debug|Any CPU.ActiveCfg = Debug|Any CPU
		{221528E0-A1E0-4694-8E92-95677E1A531A}.Debug|Any CPU.Build.0 = Debug|Any CPU
		{221528E0-A1E0-4694-8E92-95677E1A531A}.Release|Any CPU.ActiveCfg = Release|Any CPU
		{221528E0-A1E0-4694-8E92-95677E1A531A}.Release|Any CPU.Build.0 = Release|Any CPU
		{D24644FF-1169-46FD-854B-093619B4207E}.Debug|Any CPU.ActiveCfg = Debug|Any CPU
		{D24644FF-1169-46FD-854B-093619B4207E}.Debug|Any CPU.Build.0 = Debug|Any CPU
		{D24644FF-1169-46FD-854B-093619B4207E}.Release|Any CPU.ActiveCfg = Release|Any CPU
		{D24644FF-1169-46FD-854B-093619B4207E}.Release|Any CPU.Build.0 = Release|Any CPU
		{E3915BBD-3FB1-4521-ADC2-3005DDDB4E5E}.Debug|Any CPU.ActiveCfg = Debug|Any CPU
		{E3915BBD-3FB1-4521-ADC2-3005DDDB4E5E}.Debug|Any CPU.Build.0 = Debug|Any CPU
		{E3915BBD-3FB1-4521-ADC2-3005DDDB4E5E}.Release|Any CPU.ActiveCfg = Release|Any CPU
		{E3915BBD-3FB1-4521-ADC2-3005DDDB4E5E}.Release|Any CPU.Build.0 = Release|Any CPU
		{EF230218-3680-4EED-B754-91AC6BD3594C}.Debug|Any CPU.ActiveCfg = Debug|Any CPU
		{EF230218-3680-4EED-B754-91AC6BD3594C}.Debug|Any CPU.Build.0 = Debug|Any CPU
		{EF230218-3680-4EED-B754-91AC6BD3594C}.Release|Any CPU.ActiveCfg = Release|Any CPU
		{EF230218-3680-4EED-B754-91AC6BD3594C}.Release|Any CPU.Build.0 = Release|Any CPU
	EndGlobalSection
	GlobalSection(SolutionProperties) = preSolution
		HideSolutionNode = FALSE
	EndGlobalSection
	GlobalSection(ExtensibilityGlobals) = postSolution
		SolutionGuid = {78EACE33-D648-438E-A677-1F389EFD98D1}
	EndGlobalSection
EndGlobal
